// !$*UTF8*$!
{
	archiveVersion = 1;
	classes = {
	};
	objectVersion = 46;
	objects = {

/* Begin PBXBuildFile section */
		30704A311CC4D00A005B2A6D /* AppDelegate.swift in Sources */ = {isa = PBXBuildFile; fileRef = 30704A301CC4D00A005B2A6D /* AppDelegate.swift */; };
		30704A331CC4D00A005B2A6D /* ViewController.swift in Sources */ = {isa = PBXBuildFile; fileRef = 30704A321CC4D00A005B2A6D /* ViewController.swift */; };
		30704A361CC4D00A005B2A6D /* Main.storyboard in Resources */ = {isa = PBXBuildFile; fileRef = 30704A341CC4D00A005B2A6D /* Main.storyboard */; };
		30704A381CC4D00B005B2A6D /* Assets.xcassets in Resources */ = {isa = PBXBuildFile; fileRef = 30704A371CC4D00B005B2A6D /* Assets.xcassets */; };
		30704A3B1CC4D00B005B2A6D /* LaunchScreen.storyboard in Resources */ = {isa = PBXBuildFile; fileRef = 30704A391CC4D00B005B2A6D /* LaunchScreen.storyboard */; };
		30E01B441CC4D4AA008120BE /* Riscal.jpg in Resources */ = {isa = PBXBuildFile; fileRef = 30E01B431CC4D4AA008120BE /* Riscal.jpg */; };
/* End PBXBuildFile section */

/* Begin PBXCopyFilesBuildPhase section */
		30E01B481CC4D526008120BE /* Embed Frameworks */ = {
			isa = PBXCopyFilesBuildPhase;
			buildActionMask = 2147483647;
			dstPath = "";
			dstSubfolderSpec = 10;
			files = (
			);
			name = "Embed Frameworks";
			runOnlyForDeploymentPostprocessing = 0;
		};
/* End PBXCopyFilesBuildPhase section */

/* Begin PBXFileReference section */
		30704A2D1CC4D00A005B2A6D /* IDZSwiftCoreTestApp-ios.app */ = {isa = PBXFileReference; explicitFileType = wrapper.application; includeInIndex = 0; path = "IDZSwiftCoreTestApp-ios.app"; sourceTree = BUILT_PRODUCTS_DIR; };
		30704A301CC4D00A005B2A6D /* AppDelegate.swift */ = {isa = PBXFileReference; lastKnownFileType = sourcecode.swift; path = AppDelegate.swift; sourceTree = "<group>"; };
		30704A321CC4D00A005B2A6D /* ViewController.swift */ = {isa = PBXFileReference; lastKnownFileType = sourcecode.swift; path = ViewController.swift; sourceTree = "<group>"; };
		30704A351CC4D00A005B2A6D /* Base */ = {isa = PBXFileReference; lastKnownFileType = file.storyboard; name = Base; path = Base.lproj/Main.storyboard; sourceTree = "<group>"; };
		30704A371CC4D00B005B2A6D /* Assets.xcassets */ = {isa = PBXFileReference; lastKnownFileType = folder.assetcatalog; path = Assets.xcassets; sourceTree = "<group>"; };
		30704A3A1CC4D00B005B2A6D /* Base */ = {isa = PBXFileReference; lastKnownFileType = file.storyboard; name = Base; path = Base.lproj/LaunchScreen.storyboard; sourceTree = "<group>"; };
		30704A3C1CC4D00B005B2A6D /* Info.plist */ = {isa = PBXFileReference; lastKnownFileType = text.plist.xml; path = Info.plist; sourceTree = "<group>"; };
		30E01B431CC4D4AA008120BE /* Riscal.jpg */ = {isa = PBXFileReference; lastKnownFileType = image.jpeg; path = Riscal.jpg; sourceTree = "<group>"; };
/* End PBXFileReference section */

/* Begin PBXFrameworksBuildPhase section */
		30704A2A1CC4D00A005B2A6D /* Frameworks */ = {
			isa = PBXFrameworksBuildPhase;
			buildActionMask = 2147483647;
			files = (
			);
			runOnlyForDeploymentPostprocessing = 0;
		};
/* End PBXFrameworksBuildPhase section */

/* Begin PBXGroup section */
		30704A241CC4D00A005B2A6D = {
			isa = PBXGroup;
			children = (
				30704A2F1CC4D00A005B2A6D /* IDZSwiftCoreTestApp-ios */,
				30704A2E1CC4D00A005B2A6D /* Products */,
			);
			sourceTree = "<group>";
		};
		30704A2E1CC4D00A005B2A6D /* Products */ = {
			isa = PBXGroup;
			children = (
				30704A2D1CC4D00A005B2A6D /* IDZSwiftCoreTestApp-ios.app */,
			);
			name = Products;
			sourceTree = "<group>";
		};
		30704A2F1CC4D00A005B2A6D /* IDZSwiftCoreTestApp-ios */ = {
			isa = PBXGroup;
			children = (
				30E01B431CC4D4AA008120BE /* Riscal.jpg */,
				30704A301CC4D00A005B2A6D /* AppDelegate.swift */,
				30704A321CC4D00A005B2A6D /* ViewController.swift */,
				30704A341CC4D00A005B2A6D /* Main.storyboard */,
				30704A371CC4D00B005B2A6D /* Assets.xcassets */,
				30704A391CC4D00B005B2A6D /* LaunchScreen.storyboard */,
				30704A3C1CC4D00B005B2A6D /* Info.plist */,
			);
			path = "IDZSwiftCoreTestApp-ios";
			sourceTree = "<group>";
		};
/* End PBXGroup section */

/* Begin PBXNativeTarget section */
		30704A2C1CC4D00A005B2A6D /* IDZSwiftCoreTestApp-ios */ = {
			isa = PBXNativeTarget;
			buildConfigurationList = 30704A3F1CC4D00B005B2A6D /* Build configuration list for PBXNativeTarget "IDZSwiftCoreTestApp-ios" */;
			buildPhases = (
				30704A291CC4D00A005B2A6D /* Sources */,
				30704A2A1CC4D00A005B2A6D /* Frameworks */,
				30704A2B1CC4D00A005B2A6D /* Resources */,
				30E01B481CC4D526008120BE /* Embed Frameworks */,
			);
			buildRules = (
			);
			dependencies = (
			);
			name = "IDZSwiftCoreTestApp-ios";
			productName = "IDZSwiftCoreTestApp-ios";
			productReference = 30704A2D1CC4D00A005B2A6D /* IDZSwiftCoreTestApp-ios.app */;
			productType = "com.apple.product-type.application";
		};
/* End PBXNativeTarget section */

/* Begin PBXProject section */
		30704A251CC4D00A005B2A6D /* Project object */ = {
			isa = PBXProject;
			attributes = {
				LastSwiftUpdateCheck = 0730;
				LastUpgradeCheck = 0730;
				ORGANIZATIONNAME = "iOS Developer Zone";
				TargetAttributes = {
					30704A2C1CC4D00A005B2A6D = {
						CreatedOnToolsVersion = 7.3;
					};
				};
			};
			buildConfigurationList = 30704A281CC4D00A005B2A6D /* Build configuration list for PBXProject "IDZSwiftCoreTestApp-ios" */;
			compatibilityVersion = "Xcode 3.2";
			developmentRegion = English;
			hasScannedForEncodings = 0;
			knownRegions = (
				en,
				Base,
			);
			mainGroup = 30704A241CC4D00A005B2A6D;
			productRefGroup = 30704A2E1CC4D00A005B2A6D /* Products */;
			projectDirPath = "";
			projectRoot = "";
			targets = (
				30704A2C1CC4D00A005B2A6D /* IDZSwiftCoreTestApp-ios */,
			);
		};
/* End PBXProject section */

/* Begin PBXResourcesBuildPhase section */
		30704A2B1CC4D00A005B2A6D /* Resources */ = {
			isa = PBXResourcesBuildPhase;
			buildActionMask = 2147483647;
			files = (
				30704A3B1CC4D00B005B2A6D /* LaunchScreen.storyboard in Resources */,
				30704A381CC4D00B005B2A6D /* Assets.xcassets in Resources */,
				30704A361CC4D00A005B2A6D /* Main.storyboard in Resources */,
				30E01B441CC4D4AA008120BE /* Riscal.jpg in Resources */,
			);
			runOnlyForDeploymentPostprocessing = 0;
		};
/* End PBXResourcesBuildPhase section */

/* Begin PBXSourcesBuildPhase section */
		30704A291CC4D00A005B2A6D /* Sources */ = {
			isa = PBXSourcesBuildPhase;
			buildActionMask = 2147483647;
			files = (
				30704A331CC4D00A005B2A6D /* ViewController.swift in Sources */,
				30704A311CC4D00A005B2A6D /* AppDelegate.swift in Sources */,
			);
			runOnlyForDeploymentPostprocessing = 0;
		};
/* End PBXSourcesBuildPhase section */

/* Begin PBXVariantGroup section */
		30704A341CC4D00A005B2A6D /* Main.storyboard */ = {
			isa = PBXVariantGroup;
			children = (
				30704A351CC4D00A005B2A6D /* Base */,
			);
			name = Main.storyboard;
			sourceTree = "<group>";
		};
		30704A391CC4D00B005B2A6D /* LaunchScreen.storyboard */ = {
			isa = PBXVariantGroup;
			children = (
				30704A3A1CC4D00B005B2A6D /* Base */,
			);
			name = LaunchScreen.storyboard;
			sourceTree = "<group>";
		};
/* End PBXVariantGroup section */

/* Begin XCBuildConfiguration section */
		30704A3D1CC4D00B005B2A6D /* Debug */ = {
			isa = XCBuildConfiguration;
			buildSettings = {
				ALWAYS_SEARCH_USER_PATHS = NO;
				CLANG_ANALYZER_NONNULL = YES;
				CLANG_CXX_LANGUAGE_STANDARD = "gnu++0x";
				CLANG_CXX_LIBRARY = "libc++";
				CLANG_ENABLE_MODULES = YES;
				CLANG_ENABLE_OBJC_ARC = YES;
				CLANG_WARN_BOOL_CONVERSION = YES;
				CLANG_WARN_CONSTANT_CONVERSION = YES;
				CLANG_WARN_DIRECT_OBJC_ISA_USAGE = YES_ERROR;
				CLANG_WARN_EMPTY_BODY = YES;
				CLANG_WARN_ENUM_CONVERSION = YES;
				CLANG_WARN_INT_CONVERSION = YES;
				CLANG_WARN_OBJC_ROOT_CLASS = YES_ERROR;
				CLANG_WARN_UNREACHABLE_CODE = YES;
				CLANG_WARN__DUPLICATE_METHOD_MATCH = YES;
				"CODE_SIGN_IDENTITY[sdk=iphoneos*]" = "iPhone Developer";
				COPY_PHASE_STRIP = NO;
				DEBUG_INFORMATION_FORMAT = dwarf;
				ENABLE_STRICT_OBJC_MSGSEND = YES;
				ENABLE_TESTABILITY = YES;
				GCC_C_LANGUAGE_STANDARD = gnu99;
				GCC_DYNAMIC_NO_PIC = NO;
				GCC_NO_COMMON_BLOCKS = YES;
				GCC_OPTIMIZATION_LEVEL = 0;
				GCC_PREPROCESSOR_DEFINITIONS = (
					"DEBUG=1",
					"$(inherited)",
				);
				GCC_WARN_64_TO_32_BIT_CONVERSION = YES;
				GCC_WARN_ABOUT_RETURN_TYPE = YES_ERROR;
				GCC_WARN_UNDECLARED_SELECTOR = YES;
				GCC_WARN_UNINITIALIZED_AUTOS = YES_AGGRESSIVE;
				GCC_WARN_UNUSED_FUNCTION = YES;
				GCC_WARN_UNUSED_VARIABLE = YES;
				IPHONEOS_DEPLOYMENT_TARGET = 9.3;
				MTL_ENABLE_DEBUG_INFO = YES;
				ONLY_ACTIVE_ARCH = YES;
				SDKROOT = iphoneos;
				SWIFT_OPTIMIZATION_LEVEL = "-Onone";
				TARGETED_DEVICE_FAMILY = "1,2";
			};
			name = Debug;
		};
		30704A3E1CC4D00B005B2A6D /* Release */ = {
			isa = XCBuildConfiguration;
			buildSettings = {
				ALWAYS_SEARCH_USER_PATHS = NO;
				CLANG_ANALYZER_NONNULL = YES;
				CLANG_CXX_LANGUAGE_STANDARD = "gnu++0x";
				CLANG_CXX_LIBRARY = "libc++";
				CLANG_ENABLE_MODULES = YES;
				CLANG_ENABLE_OBJC_ARC = YES;
				CLANG_WARN_BOOL_CONVERSION = YES;
				CLANG_WARN_CONSTANT_CONVERSION = YES;
				CLANG_WARN_DIRECT_OBJC_ISA_USAGE = YES_ERROR;
				CLANG_WARN_EMPTY_BODY = YES;
				CLANG_WARN_ENUM_CONVERSION = YES;
				CLANG_WARN_INT_CONVERSION = YES;
				CLANG_WARN_OBJC_ROOT_CLASS = YES_ERROR;
				CLANG_WARN_UNREACHABLE_CODE = YES;
				CLANG_WARN__DUPLICATE_METHOD_MATCH = YES;
				"CODE_SIGN_IDENTITY[sdk=iphoneos*]" = "iPhone Developer";
				COPY_PHASE_STRIP = NO;
				DEBUG_INFORMATION_FORMAT = "dwarf-with-dsym";
				ENABLE_NS_ASSERTIONS = NO;
				ENABLE_STRICT_OBJC_MSGSEND = YES;
				GCC_C_LANGUAGE_STANDARD = gnu99;
				GCC_NO_COMMON_BLOCKS = YES;
				GCC_WARN_64_TO_32_BIT_CONVERSION = YES;
				GCC_WARN_ABOUT_RETURN_TYPE = YES_ERROR;
				GCC_WARN_UNDECLARED_SELECTOR = YES;
				GCC_WARN_UNINITIALIZED_AUTOS = YES_AGGRESSIVE;
				GCC_WARN_UNUSED_FUNCTION = YES;
				GCC_WARN_UNUSED_VARIABLE = YES;
				IPHONEOS_DEPLOYMENT_TARGET = 9.3;
				MTL_ENABLE_DEBUG_INFO = NO;
				SDKROOT = iphoneos;
				TARGETED_DEVICE_FAMILY = "1,2";
				VALIDATE_PRODUCT = YES;
			};
			name = Release;
		};
		30704A401CC4D00B005B2A6D /* Debug */ = {
			isa = XCBuildConfiguration;
			buildSettings = {
				ASSETCATALOG_COMPILER_APPICON_NAME = AppIcon;
				INFOPLIST_FILE = "IDZSwiftCoreTestApp-ios/Info.plist";
				LD_RUNPATH_SEARCH_PATHS = "$(inherited) @executable_path/Frameworks";
				PRODUCT_BUNDLE_IDENTIFIER = "com.iosdeveloperzone.IDZSwiftCoreTestApp-ios";
				PRODUCT_NAME = "$(TARGET_NAME)";
			};
			name = Debug;
		};
		30704A411CC4D00B005B2A6D /* Release */ = {
			isa = XCBuildConfiguration;
			buildSettings = {
				ASSETCATALOG_COMPILER_APPICON_NAME = AppIcon;
				INFOPLIST_FILE = "IDZSwiftCoreTestApp-ios/Info.plist";
				LD_RUNPATH_SEARCH_PATHS = "$(inherited) @executable_path/Frameworks";
				PRODUCT_BUNDLE_IDENTIFIER = "com.iosdeveloperzone.IDZSwiftCoreTestApp-ios";
				PRODUCT_NAME = "$(TARGET_NAME)";
			};
			name = Release;
		};
/* End XCBuildConfiguration section */

/* Begin XCConfigurationList section */
		30704A281CC4D00A005B2A6D /* Build configuration list for PBXProject "IDZSwiftCoreTestApp-ios" */ = {
			isa = XCConfigurationList;
			buildConfigurations = (
				30704A3D1CC4D00B005B2A6D /* Debug */,
				30704A3E1CC4D00B005B2A6D /* Release */,
			);
			defaultConfigurationIsVisible = 0;
			defaultConfigurationName = Release;
		};
		30704A3F1CC4D00B005B2A6D /* Build configuration list for PBXNativeTarget "IDZSwiftCoreTestApp-ios" */ = {
			isa = XCConfigurationList;
			buildConfigurations = (
				30704A401CC4D00B005B2A6D /* Debug */,
				30704A411CC4D00B005B2A6D /* Release */,
			);
			defaultConfigurationIsVisible = 0;
			defaultConfigurationName = Release;
		};
/* End XCConfigurationList section */
	};
	rootObject = 30704A251CC4D00A005B2A6D /* Project object */;
}
